
Microsoft Visual Studio Solution File, Format Version 12.00
# Visual Studio Version 16
VisualStudioVersion = 16.0.29418.71
MinimumVisualStudioVersion = 10.0.40219.1
Project("{FAE04EC0-301F-11D3-BF4B-00C04F79EFBC}") = "uLab_system_builder", "uLab_system_builder.csproj", "{BD4232D3-B634-47B6-A8AE-EDB3CB237C98}"
EndProject
Global
	GlobalSection(SolutionConfigurationPlatforms) = preSolution
		Debug|Any CPU = Debug|Any CPU
		Release|Any CPU = Release|Any CPU
	EndGlobalSection
	GlobalSection(ProjectConfigurationPlatforms) = postSolution
		{BD4232D3-B634-47B6-A8AE-EDB3CB237C98}.Debug|Any CPU.ActiveCfg = Debug|Any CPU
		{BD4232D3-B634-47B6-A8AE-EDB3CB237C98}.Debug|Any CPU.Build.0 = Debug|Any CPU
		{BD4232D3-B634-47B6-A8AE-EDB3CB237C98}.Release|Any CPU.ActiveCfg = Release|Any CPU
		{BD4232D3-B634-47B6-A8AE-EDB3CB237C98}.Release|Any CPU.Build.0 = Release|Any CPU
	EndGlobalSection
	GlobalSection(SolutionProperties) = preSolution
		HideSolutionNode = FALSE
	EndGlobalSection
	GlobalSection(ExtensibilityGlobals) = postSolution
		SolutionGuid = {5FA03023-9AFA-4141-9CAC-14E03057584E}
	EndGlobalSection
EndGlobal
